<?xml version="1.0" encoding="utf-8"?>
<Project ToolsVersion="4.0" xmlns="http://schemas.microsoft.com/developer/msbuild/2003">
  <ItemGroup>
    <Filter Include="Source Files">
      <UniqueIdentifier>{4FC737F1-C7A5-4376-A066-2A32D752A2FF}</UniqueIdentifier>
      <Extensions>cpp;c;cc;cxx;def;odl;idl;hpj;bat;asm;asmx</Extensions>
    </Filter>
    <Filter Include="Header Files">
      <UniqueIdentifier>{93995380-89BD-4b04-88EB-625FBE52EBFB}</UniqueIdentifier>
      <Extensions>h;hh;hpp;hxx;hm;inl;inc;xsd</Extensions>
    </Filter>
    <Filter Include="Resource Files">
      <UniqueIdentifier>{67DA6AB6-F800-4c08-8B7A-83BB121AAD01}</UniqueIdentifier>
      <Extensions>rc;ico;cur;bmp;dlg;rc2;rct;bin;rgs;gif;jpg;jpeg;jpe;resx;tiff;tif;png;wav;mfcribbon-ms</Extensions>
    </Filter>
  </ItemGroup>
  <ItemGroup>
    <ClCompile Include="object_gl.cpp">
      <Filter>Source Files</Filter>
    </ClCompile>
    <ClCompile Include="polygon_gl.cpp">
      <Filter>Source Files</Filter>
    </ClCompile>
    <ClCompile Include="triangle_gl.cpp">
      <Filter>Source Files</Filter>
    </ClCompile>
    <ClCompile Include="quad_gl.cpp">
      <Filter>Source Files</Filter>
    </ClCompile>
    <ClCompile Include="cube_gl.cpp">
      <Filter>Source Files</Filter>
    </ClCompile>
    <ClCompile Include="line_gl.cpp">
      <Filter>Source Files</Filter>
    </ClCompile>
    <ClCompile Include="point_gl.cpp">
      <Filter>Source Files</Filter>
    </ClCompile>
    <ClCompile Include="pyramid_gl.cpp">
      <Filter>Source Files</Filter>
    </ClCompile>
    <ClCompile Include="sphere_gl.cpp">
      <Filter>Source Files</Filter>
    </ClCompile>
    <ClCompile Include="cone_gl.cpp">
      <Filter>Source Files</Filter>
    </ClCompile>
    <ClCompile Include="torus_gl.cpp">
      <Filter>Source Files</Filter>
    </ClCompile>
    <ClCompile Include="tetra_gl.cpp">
      <Filter>Source Files</Filter>
    </ClCompile>
    <ClCompile Include="octa_gl.cpp">
      <Filter>Source Files</Filter>
    </ClCompile>
    <ClCompile Include="dodeca_gl.cpp">
      <Filter>Source Files</Filter>
    </ClCompile>
    <ClCompile Include="icosa_gl.cpp">
      <Filter>Source Files</Filter>
    </ClCompile>
    <ClCompile Include="teapot_gl.cpp">
      <Filter>Source Files</Filter>
    </ClCompile>
    <ClCompile Include="box_gl.cpp">
      <Filter>Source Files</Filter>
    </ClCompile>
    <ClCompile Include="mainK.cpp">
      <Filter>Source Files</Filter>
    </ClCompile>
    <ClCompile Include="cylinder_gl.cpp">
      <Filter>Source Files</Filter>
    </ClCompile>
    <ClCompile Include="disk_gl.cpp">
      <Filter>Source Files</Filter>
    </ClCompile>
  </ItemGroup>
  <ItemGroup>
    <ClInclude Include="object_gl.h">
      <Filter>Header Files</Filter>
    </ClInclude>
    <ClInclude Include="polygon_gl.h">
      <Filter>Header Files</Filter>
    </ClInclude>
    <ClInclude Include="triangle_gl.h">
      <Filter>Header Files</Filter>
    </ClInclude>
    <ClInclude Include="quad_gl.h">
      <Filter>Header Files</Filter>
    </ClInclude>
    <ClInclude Include="cube_gl.h">
      <Filter>Header Files</Filter>
    </ClInclude>
    <ClInclude Include="line_gl.h">
      <Filter>Header Files</Filter>
    </ClInclude>
    <ClInclude Include="point_gl.h">
      <Filter>Header Files</Filter>
    </ClInclude>
    <ClInclude Include="pyramid_gl.h">
      <Filter>Header Files</Filter>
    </ClInclude>
    <ClInclude Include="sphere_gl.h">
      <Filter>Header Files</Filter>
    </ClInclude>
    <ClInclude Include="cone_gl.h">
      <Filter>Header Files</Filter>
    </ClInclude>
    <ClInclude Include="torus_gl.h">
      <Filter>Header Files</Filter>
    </ClInclude>
    <ClInclude Include="tetra_gl.h">
      <Filter>Header Files</Filter>
    </ClInclude>
    <ClInclude Include="octa_gl.h">
      <Filter>Header Files</Filter>
    </ClInclude>
    <ClInclude Include="dodeca_gl.h">
      <Filter>Header Files</Filter>
    </ClInclude>
    <ClInclude Include="icosa_gl.h">
      <Filter>Header Files</Filter>
    </ClInclude>
    <ClInclude Include="teapot_gl.h">
      <Filter>Header Files</Filter>
    </ClInclude>
    <ClInclude Include="box_gl.h">
      <Filter>Header Files</Filter>
    </ClInclude>
    <ClInclude Include="cylinder_gl.h">
      <Filter>Header Files</Filter>
    </ClInclude>
    <ClInclude Include="disk_gl.h">
      <Filter>Header Files</Filter>
    </ClInclude>
  </ItemGroup>
</Project>